
Microsoft Visual Studio Solution File, Format Version 12.00
# Visual Studio 15
VisualStudioVersion = 15.0.28010.2019
MinimumVisualStudioVersion = 10.0.40219.1
Project("{8BC9CEB8-8B4A-11D0-8D11-00A0C91BC942}") = "MyWCprj", "MyWCprj\MyWCprj.vcxproj", "{B092696B-5713-4171-B310-69658E30EA9B}"
EndProject
Global
	GlobalSection(SolutionConfigurationPlatforms) = preSolution
		Debug|x64 = Debug|x64
		Debug|x86 = Debug|x86
		Release|x64 = Release|x64
		Release|x86 = Release|x86
	EndGlobalSection
	GlobalSection(ProjectConfigurationPlatforms) = postSolution
		{B092696B-5713-4171-B310-69658E30EA9B}.Debug|x64.ActiveCfg = Debug|x64
		{B092696B-5713-4171-B310-69658E30EA9B}.Debug|x64.Build.0 = Debug|x64
		{B092696B-5713-4171-B310-69658E30EA9B}.Debug|x86.ActiveCfg = Debug|Win32
		{B092696B-5713-4171-B310-69658E30EA9B}.Debug|x86.Build.0 = Debug|Win32
		{B092696B-5713-4171-B310-69658E30EA9B}.Release|x64.ActiveCfg = Release|x64
		{B092696B-5713-4171-B310-69658E30EA9B}.Release|x64.Build.0 = Release|x64
		{B092696B-5713-4171-B310-69658E30EA9B}.Release|x86.ActiveCfg = Release|Win32
		{B092696B-5713-4171-B310-69658E30EA9B}.Release|x86.Build.0 = Release|Win32
	EndGlobalSection
	GlobalSection(SolutionProperties) = preSolution
		HideSolutionNode = FALSE
	EndGlobalSection
	GlobalSection(ExtensibilityGlobals) = postSolution
		SolutionGuid = {EC66E61E-C049-401B-A401-72899DB17B65}
	EndGlobalSection
EndGlobal
